{
  "name": "Web-Game",
  "lockfileVersion": 2,
  "requires": true,
  "packages": {
    "": {
      "dependencies": {
        "simple-keyboard": "^3.4.58"
      }
    },
    "node_modules/simple-keyboard": {
      "version": "3.4.58",
      "resolved": "https://registry.npmjs.org/simple-keyboard/-/simple-keyboard-3.4.58.tgz",
      "integrity": "sha512-fOMDzWffew8YTQRpFSGx2TLcQCUgShb5qPH7IKn3QX7/W2zmVf+PajJa4M7zgM0ax9EVPqQiRR/wZIbC3ogQZg=="
    }
  },
  "dependencies": {
    "simple-keyboard": {
      "version": "3.4.58",
      "resolved": "https://registry.npmjs.org/simple-keyboard/-/simple-keyboard-3.4.58.tgz",
      "integrity": "sha512-fOMDzWffew8YTQRpFSGx2TLcQCUgShb5qPH7IKn3QX7/W2zmVf+PajJa4M7zgM0ax9EVPqQiRR/wZIbC3ogQZg=="
    }
  }
}
